
Microsoft Visual Studio Solution File, Format Version 12.00
# Visual Studio 14
VisualStudioVersion = 14.0.23107.0
MinimumVisualStudioVersion = 10.0.40219.1
Project("{FAE04EC0-301F-11D3-BF4B-00C04F79EFBC}") = "FlooringProgram.UI", "FlooringProgram\FlooringProgram.UI.csproj", "{EDC29F82-3166-463B-9572-6D7A05E293DE}"
EndProject
Project("{FAE04EC0-301F-11D3-BF4B-00C04F79EFBC}") = "FlooringProgram.BLL", "FlooringProgram.BLL\FlooringProgram.BLL.csproj", "{D99430A2-F8CA-40C2-9826-F8F72C4EF86F}"
EndProject
Project("{FAE04EC0-301F-11D3-BF4B-00C04F79EFBC}") = "FlooringProgram.Models", "FlooringProgram.Models\FlooringProgram.Models.csproj", "{6A16E1E6-59BC-4FB1-9443-2D3CE00D4323}"
EndProject
Project("{FAE04EC0-301F-11D3-BF4B-00C04F79EFBC}") = "FlooringProgram.Data", "FlooringProgram.Data\FlooringProgram.Data.csproj", "{8688A3F4-8749-4124-947A-CDB12AEC2D0C}"
EndProject
Project("{FAE04EC0-301F-11D3-BF4B-00C04F79EFBC}") = "FlooringProgram.Tests", "FlooringProgram.Tests\FlooringProgram.Tests.csproj", "{C98AEC32-569F-4522-9B09-88B10F45BE49}"
EndProject
Project("{FAE04EC0-301F-11D3-BF4B-00C04F79EFBC}") = "FlooringSite", "FlooringSite\FlooringSite.csproj", "{FECC6B0B-09D7-4C8E-9843-7CF02804B553}"
EndProject
Global
	GlobalSection(SolutionConfigurationPlatforms) = preSolution
		Debug|Any CPU = Debug|Any CPU
		Release|Any CPU = Release|Any CPU
	EndGlobalSection
	GlobalSection(ProjectConfigurationPlatforms) = postSolution
		{EDC29F82-3166-463B-9572-6D7A05E293DE}.Debug|Any CPU.ActiveCfg = Debug|Any CPU
		{EDC29F82-3166-463B-9572-6D7A05E293DE}.Debug|Any CPU.Build.0 = Debug|Any CPU
		{EDC29F82-3166-463B-9572-6D7A05E293DE}.Release|Any CPU.ActiveCfg = Release|Any CPU
		{EDC29F82-3166-463B-9572-6D7A05E293DE}.Release|Any CPU.Build.0 = Release|Any CPU
		{D99430A2-F8CA-40C2-9826-F8F72C4EF86F}.Debug|Any CPU.ActiveCfg = Debug|Any CPU
		{D99430A2-F8CA-40C2-9826-F8F72C4EF86F}.Debug|Any CPU.Build.0 = Debug|Any CPU
		{D99430A2-F8CA-40C2-9826-F8F72C4EF86F}.Release|Any CPU.ActiveCfg = Release|Any CPU
		{D99430A2-F8CA-40C2-9826-F8F72C4EF86F}.Release|Any CPU.Build.0 = Release|Any CPU
		{6A16E1E6-59BC-4FB1-9443-2D3CE00D4323}.Debug|Any CPU.ActiveCfg = Debug|Any CPU
		{6A16E1E6-59BC-4FB1-9443-2D3CE00D4323}.Debug|Any CPU.Build.0 = Debug|Any CPU
		{6A16E1E6-59BC-4FB1-9443-2D3CE00D4323}.Release|Any CPU.ActiveCfg = Release|Any CPU
		{6A16E1E6-59BC-4FB1-9443-2D3CE00D4323}.Release|Any CPU.Build.0 = Release|Any CPU
		{8688A3F4-8749-4124-947A-CDB12AEC2D0C}.Debug|Any CPU.ActiveCfg = Debug|Any CPU
		{8688A3F4-8749-4124-947A-CDB12AEC2D0C}.Debug|Any CPU.Build.0 = Debug|Any CPU
		{8688A3F4-8749-4124-947A-CDB12AEC2D0C}.Release|Any CPU.ActiveCfg = Release|Any CPU
		{8688A3F4-8749-4124-947A-CDB12AEC2D0C}.Release|Any CPU.Build.0 = Release|Any CPU
		{C98AEC32-569F-4522-9B09-88B10F45BE49}.Debug|Any CPU.ActiveCfg = Debug|Any CPU
		{C98AEC32-569F-4522-9B09-88B10F45BE49}.Debug|Any CPU.Build.0 = Debug|Any CPU
		{C98AEC32-569F-4522-9B09-88B10F45BE49}.Release|Any CPU.ActiveCfg = Release|Any CPU
		{C98AEC32-569F-4522-9B09-88B10F45BE49}.Release|Any CPU.Build.0 = Release|Any CPU
		{FECC6B0B-09D7-4C8E-9843-7CF02804B553}.Debug|Any CPU.ActiveCfg = Debug|Any CPU
		{FECC6B0B-09D7-4C8E-9843-7CF02804B553}.Debug|Any CPU.Build.0 = Debug|Any CPU
		{FECC6B0B-09D7-4C8E-9843-7CF02804B553}.Release|Any CPU.ActiveCfg = Release|Any CPU
		{FECC6B0B-09D7-4C8E-9843-7CF02804B553}.Release|Any CPU.Build.0 = Release|Any CPU
	EndGlobalSection
	GlobalSection(SolutionProperties) = preSolution
		HideSolutionNode = FALSE
	EndGlobalSection
EndGlobal
